// !$*UTF8*$!
{
	archiveVersion = 1;
	classes = {
	};
	objectVersion = 56;
	objects = {

/* Begin PBXBuildFile section */
		F5777C81291C00CD000653FF /* SearchView_SwiftUI_Combine_1109App.swift in Sources */ = {isa = PBXBuildFile; fileRef = F5777C80291C00CD000653FF /* SearchView_SwiftUI_Combine_1109App.swift */; };
		F5777C83291C00CD000653FF /* ContentView.swift in Sources */ = {isa = PBXBuildFile; fileRef = F5777C82291C00CD000653FF /* ContentView.swift */; };
		F5777C85291C00CF000653FF /* Assets.xcassets in Resources */ = {isa = PBXBuildFile; fileRef = F5777C84291C00CF000653FF /* Assets.xcassets */; };
		F5777C88291C00CF000653FF /* Preview Assets.xcassets in Resources */ = {isa = PBXBuildFile; fileRef = F5777C87291C00CF000653FF /* Preview Assets.xcassets */; };
		F5777C96291C0333000653FF /* UIColor+Ext.swift in Sources */ = {isa = PBXBuildFile; fileRef = F5777C95291C0333000653FF /* UIColor+Ext.swift */; };
		F5777C99291C0819000653FF /* TagLayoutView in Frameworks */ = {isa = PBXBuildFile; productRef = F5777C98291C0819000653FF /* TagLayoutView */; };
		F5777C9B291C70BC000653FF /* TagListView.swift in Sources */ = {isa = PBXBuildFile; fileRef = F5777C9A291C70BC000653FF /* TagListView.swift */; };
/* End PBXBuildFile section */

/* Begin PBXFileReference section */
		F5777C7D291C00CD000653FF /* SearchView-SwiftUI-Combine-1109.app */ = {isa = PBXFileReference; explicitFileType = wrapper.application; includeInIndex = 0; path = "SearchView-SwiftUI-Combine-1109.app"; sourceTree = BUILT_PRODUCTS_DIR; };
		F5777C80291C00CD000653FF /* SearchView_SwiftUI_Combine_1109App.swift */ = {isa = PBXFileReference; lastKnownFileType = sourcecode.swift; path = SearchView_SwiftUI_Combine_1109App.swift; sourceTree = "<group>"; };
		F5777C82291C00CD000653FF /* ContentView.swift */ = {isa = PBXFileReference; lastKnownFileType = sourcecode.swift; path = ContentView.swift; sourceTree = "<group>"; };
		F5777C84291C00CF000653FF /* Assets.xcassets */ = {isa = PBXFileReference; lastKnownFileType = folder.assetcatalog; path = Assets.xcassets; sourceTree = "<group>"; };
		F5777C87291C00CF000653FF /* Preview Assets.xcassets */ = {isa = PBXFileReference; lastKnownFileType = folder.assetcatalog; path = "Preview Assets.xcassets"; sourceTree = "<group>"; };
		F5777C8F291C00EF000653FF /* PopularKeywordModel.swift */ = {isa = PBXFileReference; lastKnownFileType = sourcecode.swift; path = PopularKeywordModel.swift; sourceTree = "<group>"; };
		F5777C92291C010C000653FF /* NanumGothic-Bold.ttf */ = {isa = PBXFileReference; lastKnownFileType = file; path = "NanumGothic-Bold.ttf"; sourceTree = "<group>"; };
		F5777C93291C010C000653FF /* NanumGothic-Regular.ttf */ = {isa = PBXFileReference; lastKnownFileType = file; path = "NanumGothic-Regular.ttf"; sourceTree = "<group>"; };
		F5777C95291C0333000653FF /* UIColor+Ext.swift */ = {isa = PBXFileReference; lastKnownFileType = sourcecode.swift; path = "UIColor+Ext.swift"; sourceTree = "<group>"; };
		F5777C9A291C70BC000653FF /* TagListView.swift */ = {isa = PBXFileReference; lastKnownFileType = sourcecode.swift; path = TagListView.swift; sourceTree = "<group>"; };
/* End PBXFileReference section */

/* Begin PBXFrameworksBuildPhase section */
		F5777C7A291C00CD000653FF /* Frameworks */ = {
			isa = PBXFrameworksBuildPhase;
			buildActionMask = 2147483647;
			files = (
				F5777C99291C0819000653FF /* TagLayoutView in Frameworks */,
			);
			runOnlyForDeploymentPostprocessing = 0;
		};
/* End PBXFrameworksBuildPhase section */

/* Begin PBXGroup section */
		F5777C74291C00CD000653FF = {
			isa = PBXGroup;
			children = (
				F5777C7F291C00CD000653FF /* SearchView-SwiftUI-Combine-1109 */,
				F5777C7E291C00CD000653FF /* Products */,
			);
			sourceTree = "<group>";
		};
		F5777C7E291C00CD000653FF /* Products */ = {
			isa = PBXGroup;
			children = (
				F5777C7D291C00CD000653FF /* SearchView-SwiftUI-Combine-1109.app */,
			);
			name = Products;
			sourceTree = "<group>";
		};
		F5777C7F291C00CD000653FF /* SearchView-SwiftUI-Combine-1109 */ = {
			isa = PBXGroup;
			children = (
				F5777C94291C0325000653FF /* Color+Ext */,
				F5777C90291C00F7000653FF /* SwiftUIView */,
				F5777C8E291C00EF000653FF /* PopularKeywords */,
				F5777C91291C010C000653FF /* Font */,
				F5777C80291C00CD000653FF /* SearchView_SwiftUI_Combine_1109App.swift */,
				F5777C84291C00CF000653FF /* Assets.xcassets */,
				F5777C86291C00CF000653FF /* Preview Content */,
			);
			path = "SearchView-SwiftUI-Combine-1109";
			sourceTree = "<group>";
		};
		F5777C86291C00CF000653FF /* Preview Content */ = {
			isa = PBXGroup;
			children = (
				F5777C87291C00CF000653FF /* Preview Assets.xcassets */,
			);
			path = "Preview Content";
			sourceTree = "<group>";
		};
		F5777C8E291C00EF000653FF /* PopularKeywords */ = {
			isa = PBXGroup;
			children = (
				F5777C8F291C00EF000653FF /* PopularKeywordModel.swift */,
			);
			path = PopularKeywords;
			sourceTree = "<group>";
		};
		F5777C90291C00F7000653FF /* SwiftUIView */ = {
			isa = PBXGroup;
			children = (
				F5777C82291C00CD000653FF /* ContentView.swift */,
				F5777C9A291C70BC000653FF /* TagListView.swift */,
			);
			path = SwiftUIView;
			sourceTree = "<group>";
		};
		F5777C91291C010C000653FF /* Font */ = {
			isa = PBXGroup;
			children = (
				F5777C92291C010C000653FF /* NanumGothic-Bold.ttf */,
				F5777C93291C010C000653FF /* NanumGothic-Regular.ttf */,
			);
			path = Font;
			sourceTree = "<group>";
		};
		F5777C94291C0325000653FF /* Color+Ext */ = {
			isa = PBXGroup;
			children = (
				F5777C95291C0333000653FF /* UIColor+Ext.swift */,
			);
			path = "Color+Ext";
			sourceTree = "<group>";
		};
/* End PBXGroup section */

/* Begin PBXNativeTarget section */
		F5777C7C291C00CD000653FF /* SearchView-SwiftUI-Combine-1109 */ = {
			isa = PBXNativeTarget;
			buildConfigurationList = F5777C8B291C00CF000653FF /* Build configuration list for PBXNativeTarget "SearchView-SwiftUI-Combine-1109" */;
			buildPhases = (
				F5777C79291C00CD000653FF /* Sources */,
				F5777C7A291C00CD000653FF /* Frameworks */,
				F5777C7B291C00CD000653FF /* Resources */,
			);
			buildRules = (
			);
			dependencies = (
			);
			name = "SearchView-SwiftUI-Combine-1109";
			packageProductDependencies = (
				F5777C98291C0819000653FF /* TagLayoutView */,
			);
			productName = "SearchView-SwiftUI-Combine-1109";
			productReference = F5777C7D291C00CD000653FF /* SearchView-SwiftUI-Combine-1109.app */;
			productType = "com.apple.product-type.application";
		};
/* End PBXNativeTarget section */

/* Begin PBXProject section */
		F5777C75291C00CD000653FF /* Project object */ = {
			isa = PBXProject;
			attributes = {
				BuildIndependentTargetsInParallel = 1;
				LastSwiftUpdateCheck = 1400;
				LastUpgradeCheck = 1400;
				TargetAttributes = {
					F5777C7C291C00CD000653FF = {
						CreatedOnToolsVersion = 14.0.1;
					};
				};
			};
			buildConfigurationList = F5777C78291C00CD000653FF /* Build configuration list for PBXProject "SearchView-SwiftUI-Combine-1109" */;
			compatibilityVersion = "Xcode 14.0";
			developmentRegion = en;
			hasScannedForEncodings = 0;
			knownRegions = (
				en,
				Base,
			);
			mainGroup = F5777C74291C00CD000653FF;
			packageReferences = (
				F5777C97291C0819000653FF /* XCRemoteSwiftPackageReference "TagLayoutView" */,
			);
			productRefGroup = F5777C7E291C00CD000653FF /* Products */;
			projectDirPath = "";
			projectRoot = "";
			targets = (
				F5777C7C291C00CD000653FF /* SearchView-SwiftUI-Combine-1109 */,
			);
		};
/* End PBXProject section */

/* Begin PBXResourcesBuildPhase section */
		F5777C7B291C00CD000653FF /* Resources */ = {
			isa = PBXResourcesBuildPhase;
			buildActionMask = 2147483647;
			files = (
				F5777C88291C00CF000653FF /* Preview Assets.xcassets in Resources */,
				F5777C85291C00CF000653FF /* Assets.xcassets in Resources */,
			);
			runOnlyForDeploymentPostprocessing = 0;
		};
/* End PBXResourcesBuildPhase section */

/* Begin PBXSourcesBuildPhase section */
		F5777C79291C00CD000653FF /* Sources */ = {
			isa = PBXSourcesBuildPhase;
			buildActionMask = 2147483647;
			files = (
				F5777C83291C00CD000653FF /* ContentView.swift in Sources */,
				F5777C81291C00CD000653FF /* SearchView_SwiftUI_Combine_1109App.swift in Sources */,
				F5777C96291C0333000653FF /* UIColor+Ext.swift in Sources */,
				F5777C9B291C70BC000653FF /* TagListView.swift in Sources */,
			);
			runOnlyForDeploymentPostprocessing = 0;
		};
/* End PBXSourcesBuildPhase section */

/* Begin XCBuildConfiguration section */
		F5777C89291C00CF000653FF /* Debug */ = {
			isa = XCBuildConfiguration;
			buildSettings = {
				ALWAYS_SEARCH_USER_PATHS = NO;
				CLANG_ANALYZER_NONNULL = YES;
				CLANG_ANALYZER_NUMBER_OBJECT_CONVERSION = YES_AGGRESSIVE;
				CLANG_CXX_LANGUAGE_STANDARD = "gnu++20";
				CLANG_ENABLE_MODULES = YES;
				CLANG_ENABLE_OBJC_ARC = YES;
				CLANG_ENABLE_OBJC_WEAK = YES;
				CLANG_WARN_BLOCK_CAPTURE_AUTORELEASING = YES;
				CLANG_WARN_BOOL_CONVERSION = YES;
				CLANG_WARN_COMMA = YES;
				CLANG_WARN_CONSTANT_CONVERSION = YES;
				CLANG_WARN_DEPRECATED_OBJC_IMPLEMENTATIONS = YES;
				CLANG_WARN_DIRECT_OBJC_ISA_USAGE = YES_ERROR;
				CLANG_WARN_DOCUMENTATION_COMMENTS = YES;
				CLANG_WARN_EMPTY_BODY = YES;
				CLANG_WARN_ENUM_CONVERSION = YES;
				CLANG_WARN_INFINITE_RECURSION = YES;
				CLANG_WARN_INT_CONVERSION = YES;
				CLANG_WARN_NON_LITERAL_NULL_CONVERSION = YES;
				CLANG_WARN_OBJC_IMPLICIT_RETAIN_SELF = YES;
				CLANG_WARN_OBJC_LITERAL_CONVERSION = YES;
				CLANG_WARN_OBJC_ROOT_CLASS = YES_ERROR;
				CLANG_WARN_QUOTED_INCLUDE_IN_FRAMEWORK_HEADER = YES;
				CLANG_WARN_RANGE_LOOP_ANALYSIS = YES;
				CLANG_WARN_STRICT_PROTOTYPES = YES;
				CLANG_WARN_SUSPICIOUS_MOVE = YES;
				CLANG_WARN_UNGUARDED_AVAILABILITY = YES_AGGRESSIVE;
				CLANG_WARN_UNREACHABLE_CODE = YES;
				CLANG_WARN__DUPLICATE_METHOD_MATCH = YES;
				COPY_PHASE_STRIP = NO;
				DEBUG_INFORMATION_FORMAT = dwarf;
				ENABLE_STRICT_OBJC_MSGSEND = YES;
				ENABLE_TESTABILITY = YES;
				GCC_C_LANGUAGE_STANDARD = gnu11;
				GCC_DYNAMIC_NO_PIC = NO;
				GCC_NO_COMMON_BLOCKS = YES;
				GCC_OPTIMIZATION_LEVEL = 0;
				GCC_PREPROCESSOR_DEFINITIONS = (
					"DEBUG=1",
					"$(inherited)",
				);
				GCC_WARN_64_TO_32_BIT_CONVERSION = YES;
				GCC_WARN_ABOUT_RETURN_TYPE = YES_ERROR;
				GCC_WARN_UNDECLARED_SELECTOR = YES;
				GCC_WARN_UNINITIALIZED_AUTOS = YES_AGGRESSIVE;
				GCC_WARN_UNUSED_FUNCTION = YES;
				GCC_WARN_UNUSED_VARIABLE = YES;
				IPHONEOS_DEPLOYMENT_TARGET = 16.0;
				MTL_ENABLE_DEBUG_INFO = INCLUDE_SOURCE;
				MTL_FAST_MATH = YES;
				ONLY_ACTIVE_ARCH = YES;
				SDKROOT = iphoneos;
				SWIFT_ACTIVE_COMPILATION_CONDITIONS = DEBUG;
				SWIFT_OPTIMIZATION_LEVEL = "-Onone";
			};
			name = Debug;
		};
		F5777C8A291C00CF000653FF /* Release */ = {
			isa = XCBuildConfiguration;
			buildSettings = {
				ALWAYS_SEARCH_USER_PATHS = NO;
				CLANG_ANALYZER_NONNULL = YES;
				CLANG_ANALYZER_NUMBER_OBJECT_CONVERSION = YES_AGGRESSIVE;
				CLANG_CXX_LANGUAGE_STANDARD = "gnu++20";
				CLANG_ENABLE_MODULES = YES;
				CLANG_ENABLE_OBJC_ARC = YES;
				CLANG_ENABLE_OBJC_WEAK = YES;
				CLANG_WARN_BLOCK_CAPTURE_AUTORELEASING = YES;
				CLANG_WARN_BOOL_CONVERSION = YES;
				CLANG_WARN_COMMA = YES;
				CLANG_WARN_CONSTANT_CONVERSION = YES;
				CLANG_WARN_DEPRECATED_OBJC_IMPLEMENTATIONS = YES;
				CLANG_WARN_DIRECT_OBJC_ISA_USAGE = YES_ERROR;
				CLANG_WARN_DOCUMENTATION_COMMENTS = YES;
				CLANG_WARN_EMPTY_BODY = YES;
				CLANG_WARN_ENUM_CONVERSION = YES;
				CLANG_WARN_INFINITE_RECURSION = YES;
				CLANG_WARN_INT_CONVERSION = YES;
				CLANG_WARN_NON_LITERAL_NULL_CONVERSION = YES;
				CLANG_WARN_OBJC_IMPLICIT_RETAIN_SELF = YES;
				CLANG_WARN_OBJC_LITERAL_CONVERSION = YES;
				CLANG_WARN_OBJC_ROOT_CLASS = YES_ERROR;
				CLANG_WARN_QUOTED_INCLUDE_IN_FRAMEWORK_HEADER = YES;
				CLANG_WARN_RANGE_LOOP_ANALYSIS = YES;
				CLANG_WARN_STRICT_PROTOTYPES = YES;
				CLANG_WARN_SUSPICIOUS_MOVE = YES;
				CLANG_WARN_UNGUARDED_AVAILABILITY = YES_AGGRESSIVE;
				CLANG_WARN_UNREACHABLE_CODE = YES;
				CLANG_WARN__DUPLICATE_METHOD_MATCH = YES;
				COPY_PHASE_STRIP = NO;
				DEBUG_INFORMATION_FORMAT = "dwarf-with-dsym";
				ENABLE_NS_ASSERTIONS = NO;
				ENABLE_STRICT_OBJC_MSGSEND = YES;
				GCC_C_LANGUAGE_STANDARD = gnu11;
				GCC_NO_COMMON_BLOCKS = YES;
				GCC_WARN_64_TO_32_BIT_CONVERSION = YES;
				GCC_WARN_ABOUT_RETURN_TYPE = YES_ERROR;
				GCC_WARN_UNDECLARED_SELECTOR = YES;
				GCC_WARN_UNINITIALIZED_AUTOS = YES_AGGRESSIVE;
				GCC_WARN_UNUSED_FUNCTION = YES;
				GCC_WARN_UNUSED_VARIABLE = YES;
				IPHONEOS_DEPLOYMENT_TARGET = 16.0;
				MTL_ENABLE_DEBUG_INFO = NO;
				MTL_FAST_MATH = YES;
				SDKROOT = iphoneos;
				SWIFT_COMPILATION_MODE = wholemodule;
				SWIFT_OPTIMIZATION_LEVEL = "-O";
				VALIDATE_PRODUCT = YES;
			};
			name = Release;
		};
		F5777C8C291C00CF000653FF /* Debug */ = {
			isa = XCBuildConfiguration;
			buildSettings = {
				ASSETCATALOG_COMPILER_APPICON_NAME = AppIcon;
				ASSETCATALOG_COMPILER_GLOBAL_ACCENT_COLOR_NAME = AccentColor;
				CODE_SIGN_STYLE = Automatic;
				CURRENT_PROJECT_VERSION = 1;
				DEVELOPMENT_ASSET_PATHS = "\"SearchView-SwiftUI-Combine-1109/Preview Content\"";
				DEVELOPMENT_TEAM = 8D25AB624P;
				ENABLE_PREVIEWS = YES;
				GENERATE_INFOPLIST_FILE = YES;
				INFOPLIST_KEY_UIApplicationSceneManifest_Generation = YES;
				INFOPLIST_KEY_UIApplicationSupportsIndirectInputEvents = YES;
				INFOPLIST_KEY_UILaunchScreen_Generation = YES;
				INFOPLIST_KEY_UISupportedInterfaceOrientations_iPad = "UIInterfaceOrientationPortrait UIInterfaceOrientationPortraitUpsideDown UIInterfaceOrientationLandscapeLeft UIInterfaceOrientationLandscapeRight";
				INFOPLIST_KEY_UISupportedInterfaceOrientations_iPhone = "UIInterfaceOrientationPortrait UIInterfaceOrientationLandscapeLeft UIInterfaceOrientationLandscapeRight";
				LD_RUNPATH_SEARCH_PATHS = (
					"$(inherited)",
					"@executable_path/Frameworks",
				);
				MARKETING_VERSION = 1.0;
				PRODUCT_BUNDLE_IDENTIFIER = "com.chris.SearchView-SwiftUI-Combine-1109";
				PRODUCT_NAME = "$(TARGET_NAME)";
				SWIFT_EMIT_LOC_STRINGS = YES;
				SWIFT_VERSION = 5.0;
				TARGETED_DEVICE_FAMILY = "1,2";
			};
			name = Debug;
		};
		F5777C8D291C00CF000653FF /* Release */ = {
			isa = XCBuildConfiguration;
			buildSettings = {
				ASSETCATALOG_COMPILER_APPICON_NAME = AppIcon;
				ASSETCATALOG_COMPILER_GLOBAL_ACCENT_COLOR_NAME = AccentColor;
				CODE_SIGN_STYLE = Automatic;
				CURRENT_PROJECT_VERSION = 1;
				DEVELOPMENT_ASSET_PATHS = "\"SearchView-SwiftUI-Combine-1109/Preview Content\"";
				DEVELOPMENT_TEAM = 8D25AB624P;
				ENABLE_PREVIEWS = YES;
				GENERATE_INFOPLIST_FILE = YES;
				INFOPLIST_KEY_UIApplicationSceneManifest_Generation = YES;
				INFOPLIST_KEY_UIApplicationSupportsIndirectInputEvents = YES;
				INFOPLIST_KEY_UILaunchScreen_Generation = YES;
				INFOPLIST_KEY_UISupportedInterfaceOrientations_iPad = "UIInterfaceOrientationPortrait UIInterfaceOrientationPortraitUpsideDown UIInterfaceOrientationLandscapeLeft UIInterfaceOrientationLandscapeRight";
				INFOPLIST_KEY_UISupportedInterfaceOrientations_iPhone = "UIInterfaceOrientationPortrait UIInterfaceOrientationLandscapeLeft UIInterfaceOrientationLandscapeRight";
				LD_RUNPATH_SEARCH_PATHS = (
					"$(inherited)",
					"@executable_path/Frameworks",
				);
				MARKETING_VERSION = 1.0;
				PRODUCT_BUNDLE_IDENTIFIER = "com.chris.SearchView-SwiftUI-Combine-1109";
				PRODUCT_NAME = "$(TARGET_NAME)";
				SWIFT_EMIT_LOC_STRINGS = YES;
				SWIFT_VERSION = 5.0;
				TARGETED_DEVICE_FAMILY = "1,2";
			};
			name = Release;
		};
/* End XCBuildConfiguration section */

/* Begin XCConfigurationList section */
		F5777C78291C00CD000653FF /* Build configuration list for PBXProject "SearchView-SwiftUI-Combine-1109" */ = {
			isa = XCConfigurationList;
			buildConfigurations = (
				F5777C89291C00CF000653FF /* Debug */,
				F5777C8A291C00CF000653FF /* Release */,
			);
			defaultConfigurationIsVisible = 0;
			defaultConfigurationName = Release;
		};
		F5777C8B291C00CF000653FF /* Build configuration list for PBXNativeTarget "SearchView-SwiftUI-Combine-1109" */ = {
			isa = XCConfigurationList;
			buildConfigurations = (
				F5777C8C291C00CF000653FF /* Debug */,
				F5777C8D291C00CF000653FF /* Release */,
			);
			defaultConfigurationIsVisible = 0;
			defaultConfigurationName = Release;
		};
/* End XCConfigurationList section */

/* Begin XCRemoteSwiftPackageReference section */
		F5777C97291C0819000653FF /* XCRemoteSwiftPackageReference "TagLayoutView" */ = {
			isa = XCRemoteSwiftPackageReference;
			repositoryURL = "https://github.com/yotsu12/TagLayoutView";
			requirement = {
				branch = master;
				kind = branch;
			};
		};
/* End XCRemoteSwiftPackageReference section */

/* Begin XCSwiftPackageProductDependency section */
		F5777C98291C0819000653FF /* TagLayoutView */ = {
			isa = XCSwiftPackageProductDependency;
			package = F5777C97291C0819000653FF /* XCRemoteSwiftPackageReference "TagLayoutView" */;
			productName = TagLayoutView;
		};
/* End XCSwiftPackageProductDependency section */
	};
	rootObject = F5777C75291C00CD000653FF /* Project object */;
}
